# This file is automatically @generated by Cargo.
# It is not intended for manual editing.
version = 3

[[package]]
name = "cfg-if"
version = "1.0.0"
source = "registry+https://github.com/rust-lang/crates.io-index"
checksum = "baf1de4339761588bc0619e3cbc0120ee582ebb74b53b4efbf79117bd2da40fd"

[[package]]
name = "ct-codecs"
version = "1.1.1"
source = "registry+https://github.com/rust-lang/crates.io-index"
checksum = "f3b7eb4404b8195a9abb6356f4ac07d8ba267045c8d6d220ac4dc992e6cc75df"

[[package]]
name = "encryption"
version = "0.1.0"
dependencies = [
 "hex",
 "orion",
]

[[package]]
name = "fiat-crypto"
version = "0.2.3"
source = "registry+https://github.com/rust-lang/crates.io-index"
checksum = "f69037fe1b785e84986b4f2cbcf647381876a00671d25ceef715d7812dd7e1dd"

[[package]]
name = "getrandom"
version = "0.2.11"
source = "registry+https://github.com/rust-lang/crates.io-index"
checksum = "fe9006bed769170c11f845cf00c7c1e9092aeb3f268e007c3e760ac68008070f"
dependencies = [
 "cfg-if",
 "libc",
 "wasi",
]

[[package]]
name = "hex"
version = "0.4.3"
source = "registry+https://github.com/rust-lang/crates.io-index"
checksum = "7f24254aa9a54b5c858eaee2f5bccdb46aaf0e486a595ed5fd8f86ba55232a70"

[[package]]
name = "libc"
version = "0.2.150"
source = "registry+https://github.com/rust-lang/crates.io-index"
checksum = "89d92a4743f9a61002fae18374ed11e7973f530cb3a3255fb354818118b2203c"

[[package]]
name = "orion"
version = "0.17.6"
source = "registry+https://github.com/rust-lang/crates.io-index"
checksum = "7abdb10181903c8c4b016ba45d6d6d5af1a1e2a461aa4763a83b87f5df4695e5"
dependencies = [
 "ct-codecs",
 "fiat-crypto",
 "getrandom",
 "subtle",
 "zeroize",
]

[[package]]
name = "subtle"
version = "2.5.0"
source = "registry+https://github.com/rust-lang/crates.io-index"
checksum = "81cdd64d312baedb58e21336b31bc043b77e01cc99033ce76ef539f78e965ebc"

[[package]]
name = "wasi"
version = "0.11.0+wasi-snapshot-preview1"
source = "registry+https://github.com/rust-lang/crates.io-index"
checksum = "9c8d87e72b64a3b4db28d11ce29237c246188f4f51057d65a7eab63b7987e423"

[[package]]
name = "zeroize"
version = "1.6.0"
source = "registry+https://github.com/rust-lang/crates.io-index"
checksum = "2a0956f1ba7c7909bfb66c2e9e4124ab6f6482560f6628b5aaeba39207c9aad9"
